
Microsoft Visual Studio Solution File, Format Version 12.00
# Visual Studio Version 17
VisualStudioVersion = 17.0.31903.59
MinimumVisualStudioVersion = 10.0.40219.1
Project("{FAE04EC0-301F-11D3-BF4B-00C04F79EFBC}") = "IntrepionAppsSolution.ClassLibProject", "IntrepionAppsSolution.ClassLibProject\IntrepionAppsSolution.ClassLibProject.csproj", "{3567CD52-65BB-445C-AD80-6F6D6E80F9B5}"
EndProject
Project("{FAE04EC0-301F-11D3-BF4B-00C04F79EFBC}") = "IntrepionAppsSolution.ConsoleProject", "IntrepionAppsSolution.ConsoleProject\IntrepionAppsSolution.ConsoleProject.csproj", "{0FCFF4C2-7F40-49B4-A875-D986D4FEE8FF}"
EndProject
Project("{FAE04EC0-301F-11D3-BF4B-00C04F79EFBC}") = "IntrepionAppsSolution.XUnitProject", "IntrepionAppsSolution.XUnitProject\IntrepionAppsSolution.XUnitProject.csproj", "{F3DF7084-DC7D-4542-A1B8-2F83D3483C73}"
EndProject
Global
	GlobalSection(SolutionConfigurationPlatforms) = preSolution
		Debug|Any CPU = Debug|Any CPU
		Release|Any CPU = Release|Any CPU
	EndGlobalSection
	GlobalSection(SolutionProperties) = preSolution
		HideSolutionNode = FALSE
	EndGlobalSection
	GlobalSection(ProjectConfigurationPlatforms) = postSolution
		{3567CD52-65BB-445C-AD80-6F6D6E80F9B5}.Debug|Any CPU.ActiveCfg = Debug|Any CPU
		{3567CD52-65BB-445C-AD80-6F6D6E80F9B5}.Debug|Any CPU.Build.0 = Debug|Any CPU
		{3567CD52-65BB-445C-AD80-6F6D6E80F9B5}.Release|Any CPU.ActiveCfg = Release|Any CPU
		{3567CD52-65BB-445C-AD80-6F6D6E80F9B5}.Release|Any CPU.Build.0 = Release|Any CPU
		{0FCFF4C2-7F40-49B4-A875-D986D4FEE8FF}.Debug|Any CPU.ActiveCfg = Debug|Any CPU
		{0FCFF4C2-7F40-49B4-A875-D986D4FEE8FF}.Debug|Any CPU.Build.0 = Debug|Any CPU
		{0FCFF4C2-7F40-49B4-A875-D986D4FEE8FF}.Release|Any CPU.ActiveCfg = Release|Any CPU
		{0FCFF4C2-7F40-49B4-A875-D986D4FEE8FF}.Release|Any CPU.Build.0 = Release|Any CPU
		{F3DF7084-DC7D-4542-A1B8-2F83D3483C73}.Debug|Any CPU.ActiveCfg = Debug|Any CPU
		{F3DF7084-DC7D-4542-A1B8-2F83D3483C73}.Debug|Any CPU.Build.0 = Debug|Any CPU
		{F3DF7084-DC7D-4542-A1B8-2F83D3483C73}.Release|Any CPU.ActiveCfg = Release|Any CPU
		{F3DF7084-DC7D-4542-A1B8-2F83D3483C73}.Release|Any CPU.Build.0 = Release|Any CPU
	EndGlobalSection
EndGlobal
